
Microsoft Visual Studio Solution File, Format Version 12.00
# Visual Studio 15
VisualStudioVersion = 15.0.28307.271
MinimumVisualStudioVersion = 10.0.40219.1
Project("{FAE04EC0-301F-11D3-BF4B-00C04F79EFBC}") = "SkiResort", "SkiResort\SkiResort.csproj", "{5CAE9C4D-CBA9-42B2-BD86-22837D215037}"
EndProject
Global
	GlobalSection(SolutionConfigurationPlatforms) = preSolution
		Debug|Any CPU = Debug|Any CPU
		Release|Any CPU = Release|Any CPU
	EndGlobalSection
	GlobalSection(ProjectConfigurationPlatforms) = postSolution
		{5CAE9C4D-CBA9-42B2-BD86-22837D215037}.Debug|Any CPU.ActiveCfg = Debug|Any CPU
		{5CAE9C4D-CBA9-42B2-BD86-22837D215037}.Debug|Any CPU.Build.0 = Debug|Any CPU
		{5CAE9C4D-CBA9-42B2-BD86-22837D215037}.Release|Any CPU.ActiveCfg = Release|Any CPU
		{5CAE9C4D-CBA9-42B2-BD86-22837D215037}.Release|Any CPU.Build.0 = Release|Any CPU
	EndGlobalSection
	GlobalSection(SolutionProperties) = preSolution
		HideSolutionNode = FALSE
	EndGlobalSection
	GlobalSection(ExtensibilityGlobals) = postSolution
		SolutionGuid = {8A16BC25-052D-4D5D-BCD9-4C8DA43FE392}
	EndGlobalSection
EndGlobal
